{
	"name": "vue-next-admin-template",
	"version": "2.0.3",
	"lockfileVersion": 1,
	"requires": true,
	"dependencies": {
		"@codemirror/autocomplete": {
			"version": "0.19.15",
			"resolved": "https://registry.npmjs.org/@codemirror/autocomplete/-/autocomplete-0.19.15.tgz",
			"integrity": "sha512-GQWzvvuXxNUyaEk+5gawbAD8s51/v2Chb++nx0e2eGWrphWk42isBtzOMdc3DxrxrZtPZ55q2ldNp+6G8KJLIQ==",
			"requires": {
				"@codemirror/language": "^0.19.0",
				"@codemirror/state": "^0.19.4",
				"@codemirror/text": "^0.19.2",
				"@codemirror/tooltip": "^0.19.12",
				"@codemirror/view": "^0.19.0",
				"@lezer/common": "^0.15.0"
			}
		},
		"@codemirror/basic-setup": {
			"version": "0.19.1",
			"resolved": "https://registry.npmjs.org/@codemirror/basic-setup/-/basic-setup-0.19.1.tgz",
			"integrity": "sha512-gLjD7YgZU/we6BzS/ecCmD3viw83dsgv5ZUaSydYbYx9X4w4w9RqYnckcJ+0GDyHfNr5Jtfv2Z5ZtFQnBj0UDA==",
			"requires": {
				"@codemirror/autocomplete": "^0.19.0",
				"@codemirror/closebrackets": "^0.19.0",
				"@codemirror/commands": "^0.19.0",
				"@codemirror/comment": "^0.19.0",
				"@codemirror/fold": "^0.19.0",
				"@codemirror/gutter": "^0.19.0",
				"@codemirror/highlight": "^0.19.0",
				"@codemirror/history": "^0.19.0",
				"@codemirror/language": "^0.19.0",
				"@codemirror/lint": "^0.19.0",
				"@codemirror/matchbrackets": "^0.19.0",
				"@codemirror/rectangular-selection": "^0.19.0",
				"@codemirror/search": "^0.19.0",
				"@codemirror/state": "^0.19.0",
				"@codemirror/view": "^0.19.31"
			}
		},
		"@codemirror/closebrackets": {
			"version": "0.19.2",
			"resolved": "https://registry.npmjs.org/@codemirror/closebrackets/-/closebrackets-0.19.2.tgz",
			"integrity": "sha512-ClMPzPcPP0eQiDcVjtVPl6OLxgdtZSYDazsvT0AKl70V1OJva0eHgl4/6kCW3RZ0pb2n34i9nJz4eXCmK+TYDA==",
			"requires": {
				"@codemirror/language": "^0.19.0",
				"@codemirror/rangeset": "^0.19.0",
				"@codemirror/state": "^0.19.2",
				"@codemirror/text": "^0.19.0",
				"@codemirror/view": "^0.19.44"
			}
		},
		"@codemirror/commands": {
			"version": "0.19.8",
			"resolved": "https://registry.npmjs.org/@codemirror/commands/-/commands-0.19.8.tgz",
			"integrity": "sha512-65LIMSGUGGpY3oH6mzV46YWRrgao6NmfJ+AuC7jNz3K5NPnH6GCV1H5I6SwOFyVbkiygGyd0EFwrWqywTBD1aw==",
			"requires": {
				"@codemirror/language": "^0.19.0",
				"@codemirror/matchbrackets": "^0.19.0",
				"@codemirror/state": "^0.19.2",
				"@codemirror/text": "^0.19.6",
				"@codemirror/view": "^0.19.22",
				"@lezer/common": "^0.15.0"
			}
		},
		"@codemirror/comment": {
			"version": "0.19.1",
			"resolved": "https://registry.npmjs.org/@codemirror/comment/-/comment-0.19.1.tgz",
			"integrity": "sha512-uGKteBuVWAC6fW+Yt8u27DOnXMT/xV4Ekk2Z5mRsiADCZDqYvryrJd6PLL5+8t64BVyocwQwNfz1UswYS2CtFQ==",
			"requires": {
				"@codemirror/state": "^0.19.9",
				"@codemirror/text": "^0.19.0",
				"@codemirror/view": "^0.19.0"
			}
		},
		"@codemirror/fold": {
			"version": "0.19.3",
			"resolved": "https://registry.npmjs.org/@codemirror/fold/-/fold-0.19.3.tgz",
			"integrity": "sha512-8hT+Eq2G68mL0yPRvSD2ewhnLQAX6sbUJmtGVKFcj8oAXtfpYCX8LIcfXsuI19Qs7gZkOSpqZvn+KKj8IhZoAw==",
			"requires": {
				"@codemirror/gutter": "^0.19.0",
				"@codemirror/language": "^0.19.0",
				"@codemirror/rangeset": "^0.19.0",
				"@codemirror/state": "^0.19.0",
				"@codemirror/view": "^0.19.22"
			}
		},
		"@codemirror/gutter": {
			"version": "0.19.9",
			"resolved": "https://registry.npmjs.org/@codemirror/gutter/-/gutter-0.19.9.tgz",
			"integrity": "sha512-PFrtmilahin1g6uL27aG5tM/rqR9DZzZYZsIrCXA5Uc2OFTFqx4owuhoU9hqfYxHp5ovfvBwQ+txFzqS4vog6Q==",
			"requires": {
				"@codemirror/rangeset": "^0.19.0",
				"@codemirror/state": "^0.19.0",
				"@codemirror/view": "^0.19.23"
			}
		},
		"@codemirror/highlight": {
			"version": "0.19.7",
			"resolved": "https://registry.npmjs.org/@codemirror/highlight/-/highlight-0.19.7.tgz",
			"integrity": "sha512-3W32hBCY0pbbv/xidismw+RDMKuIag+fo4kZIbD7WoRj+Ttcaxjf+vP6RttRHXLaaqbWh031lTeON8kMlDhMYw==",
			"requires": {
				"@codemirror/language": "^0.19.0",
				"@codemirror/rangeset": "^0.19.0",
				"@codemirror/state": "^0.19.3",
				"@codemirror/view": "^0.19.0",
				"@lezer/common": "^0.15.0",
				"style-mod": "^4.0.0"
			}
		},
		"@codemirror/history": {
			"version": "0.19.2",
			"resolved": "https://registry.npmjs.org/@codemirror/history/-/history-0.19.2.tgz",
			"integrity": "sha512-unhP4t3N2smzmHoo/Yio6ueWi+il8gm9VKrvi6wlcdGH5fOfVDNkmjHQ495SiR+EdOG35+3iNebSPYww0vN7ow==",
			"requires": {
				"@codemirror/state": "^0.19.2",
				"@codemirror/view": "^0.19.0"
			}
		},
		"@codemirror/lang-json": {
			"version": "0.19.2",
			"resolved": "https://registry.npmjs.org/@codemirror/lang-json/-/lang-json-0.19.2.tgz",
			"integrity": "sha512-fgUWR58Is59P5D/tiazX6oTczioOCDYqjFT5PEBAmLBFMSsRqcnJE0xNO1snrhg7pWEFDq5wR/oN0eZhkeR6Gg==",
			"requires": {
				"@codemirror/highlight": "^0.19.0",
				"@codemirror/language": "^0.19.0",
				"@lezer/json": "^0.15.0"
			}
		},
		"@codemirror/language": {
			"version": "0.19.8",
			"resolved": "https://registry.npmjs.org/@codemirror/language/-/language-0.19.8.tgz",
			"integrity": "sha512-KhRne8qmzSKkaw+qhkwgNsPKxmThlyeJ3umfc33B9kJzVP7xhTkwX2MEPl0almM3brxMi+lPYx7gCPOy1gHsWw==",
			"requires": {
				"@codemirror/state": "^0.19.0",
				"@codemirror/text": "^0.19.0",
				"@codemirror/view": "^0.19.0",
				"@lezer/common": "^0.15.5",
				"@lezer/lr": "^0.15.0"
			}
		},
		"@codemirror/lint": {
			"version": "0.19.6",
			"resolved": "https://registry.npmjs.org/@codemirror/lint/-/lint-0.19.6.tgz",
			"integrity": "sha512-Pbw1Y5kHVs2J+itQ0uez3dI4qY9ApYVap7eNfV81x1/3/BXgBkKfadaw0gqJ4h4FDG7OnJwb0VbPsjJQllHjaA==",
			"requires": {
				"@codemirror/gutter": "^0.19.4",
				"@codemirror/panel": "^0.19.0",
				"@codemirror/rangeset": "^0.19.1",
				"@codemirror/state": "^0.19.4",
				"@codemirror/tooltip": "^0.19.16",
				"@codemirror/view": "^0.19.22",
				"crelt": "^1.0.5"
			}
		},
		"@codemirror/matchbrackets": {
			"version": "0.19.4",
			"resolved": "https://registry.npmjs.org/@codemirror/matchbrackets/-/matchbrackets-0.19.4.tgz",
			"integrity": "sha512-VFkaOKPNudAA5sGP1zikRHCEKU0hjYmkKpr04pybUpQvfTvNJXlReCyP0rvH/1iEwAGPL990ZTT+QrLdu4MeEA==",
			"requires": {
				"@codemirror/language": "^0.19.0",
				"@codemirror/state": "^0.19.0",
				"@codemirror/view": "^0.19.0",
				"@lezer/common": "^0.15.0"
			}
		},
		"@codemirror/panel": {
			"version": "0.19.1",
			"resolved": "https://registry.npmjs.org/@codemirror/panel/-/panel-0.19.1.tgz",
			"integrity": "sha512-sYeOCMA3KRYxZYJYn5PNlt9yNsjy3zTNTrbYSfVgjgL9QomIVgOJWPO5hZ2sTN8lufO6lw0vTBsIPL9MSidmBg==",
			"requires": {
				"@codemirror/state": "^0.19.0",
				"@codemirror/view": "^0.19.0"
			}
		},
		"@codemirror/rangeset": {
			"version": "0.19.9",
			"resolved": "https://registry.npmjs.org/@codemirror/rangeset/-/rangeset-0.19.9.tgz",
			"integrity": "sha512-V8YUuOvK+ew87Xem+71nKcqu1SXd5QROMRLMS/ljT5/3MCxtgrRie1Cvild0G/Z2f1fpWxzX78V0U4jjXBorBQ==",
			"requires": {
				"@codemirror/state": "^0.19.0"
			}
		},
		"@codemirror/rectangular-selection": {
			"version": "0.19.2",
			"resolved": "https://registry.npmjs.org/@codemirror/rectangular-selection/-/rectangular-selection-0.19.2.tgz",
			"integrity": "sha512-AXK/p5eGwFJ9GJcLfntqN4dgY+XiIF7eHfXNQJX5HhQLSped2wJE6WuC1rMEaOlcpOqlb9mrNi/ZdUjSIj9mbA==",
			"requires": {
				"@codemirror/state": "^0.19.0",
				"@codemirror/text": "^0.19.4",
				"@codemirror/view": "^0.19.48"
			},
			"dependencies": {
				"@codemirror/view": {
					"version": "0.19.48",
					"resolved": "https://registry.npmjs.org/@codemirror/view/-/view-0.19.48.tgz",
					"integrity": "sha512-0eg7D2Nz4S8/caetCTz61rK0tkHI17V/d15Jy0kLOT8dTLGGNJUponDnW28h2B6bERmPlVHKh8MJIr5OCp1nGw==",
					"requires": {
						"@codemirror/rangeset": "^0.19.5",
						"@codemirror/state": "^0.19.3",
						"@codemirror/text": "^0.19.0",
						"style-mod": "^4.0.0",
						"w3c-keyname": "^2.2.4"
					}
				}
			}
		},
		"@codemirror/search": {
			"version": "0.19.9",
			"resolved": "https://registry.npmjs.org/@codemirror/search/-/search-0.19.9.tgz",
			"integrity": "sha512-h3MuwbUbiyOp6Np3IB5r4LH0w4inZvbtLO1Ipmz8RhElcGRiYr11Q6Bim8ocLfe08RmZT6B5EkTj1E8eNlugQQ==",
			"requires": {
				"@codemirror/panel": "^0.19.0",
				"@codemirror/rangeset": "^0.19.0",
				"@codemirror/state": "^0.19.3",
				"@codemirror/text": "^0.19.0",
				"@codemirror/view": "^0.19.34",
				"crelt": "^1.0.5"
			}
		},
		"@codemirror/state": {
			"version": "0.19.9",
			"resolved": "https://registry.npmjs.org/@codemirror/state/-/state-0.19.9.tgz",
			"integrity": "sha512-psOzDolKTZkx4CgUqhBQ8T8gBc0xN5z4gzed109aF6x7D7umpDRoimacI/O6d9UGuyl4eYuDCZmDFr2Rq7aGOw==",
			"requires": {
				"@codemirror/text": "^0.19.0"
			}
		},
		"@codemirror/text": {
			"version": "0.19.6",
			"resolved": "https://registry.npmjs.org/@codemirror/text/-/text-0.19.6.tgz",
			"integrity": "sha512-T9jnREMIygx+TPC1bOuepz18maGq/92q2a+n4qTqObKwvNMg+8cMTslb8yxeEDEq7S3kpgGWxgO1UWbQRij0dA=="
		},
		"@codemirror/tooltip": {
			"version": "0.19.16",
			"resolved": "https://registry.npmjs.org/@codemirror/tooltip/-/tooltip-0.19.16.tgz",
			"integrity": "sha512-zxKDHryUV5/RS45AQL+wOeN+i7/l81wK56OMnUPoTSzCWNITfxHn7BToDsjtrRKbzHqUxKYmBnn/4hPjpZ4WJQ==",
			"requires": {
				"@codemirror/state": "^0.19.0",
				"@codemirror/view": "^0.19.0"
			}
		},
		"@codemirror/view": {
			"version": "0.19.46",
			"resolved": "https://registry.npmjs.org/@codemirror/view/-/view-0.19.46.tgz",
			"integrity": "sha512-gnIRJ4OrHt7RIC8q+NNOJeUy+nah6IOM/BPbS0uNnYPhfhpO938HCKbEE2CDLnD6LqcIBLD6u2xCKHYD9g5pTw==",
			"requires": {
				"@codemirror/rangeset": "^0.19.5",
				"@codemirror/state": "^0.19.3",
				"@codemirror/text": "^0.19.0",
				"style-mod": "^4.0.0",
				"w3c-keyname": "^2.2.4"
			}
		},
		"@fontsource/fira-mono": {
			"version": "4.5.3",
			"resolved": "https://registry.npmjs.org/@fontsource/fira-mono/-/fira-mono-4.5.3.tgz",
			"integrity": "sha512-uMeCuPhpLagkOBUkbuWgzRhSWoz7SxtgVJeo9nxuvwVZLahmKQJjkZnNj9OrLWMHbDWZMPI0ApolIJASEFP4eQ=="
		},
		"@fortawesome/fontawesome-common-types": {
			"version": "6.1.1",
			"resolved": "https://registry.npmjs.org/@fortawesome/fontawesome-common-types/-/fontawesome-common-types-6.1.1.tgz",
			"integrity": "sha512-wVn5WJPirFTnzN6tR95abCx+ocH+3IFLXAgyavnf9hUmN0CfWoDjPT/BAWsUVwSlYYVBeCLJxaqi7ZGe4uSjBA=="
		},
		"@fortawesome/free-regular-svg-icons": {
			"version": "6.1.1",
			"resolved": "https://registry.npmjs.org/@fortawesome/free-regular-svg-icons/-/free-regular-svg-icons-6.1.1.tgz",
			"integrity": "sha512-xXiW7hcpgwmWtndKPOzG+43fPH7ZjxOaoeyooptSztGmJxCAflHZxXNK0GcT0uEsR4jTGQAfGklDZE5NHoBhKg==",
			"requires": {
				"@fortawesome/fontawesome-common-types": "6.1.1"
			}
		},
		"@fortawesome/free-solid-svg-icons": {
			"version": "6.1.1",
			"resolved": "https://registry.npmjs.org/@fortawesome/free-solid-svg-icons/-/free-solid-svg-icons-6.1.1.tgz",
			"integrity": "sha512-0/5exxavOhI/D4Ovm2r3vxNojGZioPwmFrKg0ZUH69Q68uFhFPs6+dhAToh6VEQBntxPRYPuT5Cg1tpNa9JUPg==",
			"requires": {
				"@fortawesome/fontawesome-common-types": "6.1.1"
			}
		},
		"@lezer/common": {
			"version": "0.15.12",
			"resolved": "https://registry.npmjs.org/@lezer/common/-/common-0.15.12.tgz",
			"integrity": "sha512-edfwCxNLnzq5pBA/yaIhwJ3U3Kz8VAUOTRg0hhxaizaI1N+qxV7EXDv/kLCkLeq2RzSFvxexlaj5Mzfn2kY0Ig=="
		},
		"@lezer/json": {
			"version": "0.15.0",
			"resolved": "https://registry.npmjs.org/@lezer/json/-/json-0.15.0.tgz",
			"integrity": "sha512-OsMjjBkTkeQ15iMCu5U1OiBubRC4V9Wm03zdIlUgNZ20aUPx5DWDRqUc5wG41JXVSj7Lxmo+idlFCfBBdxB8sw==",
			"requires": {
				"@lezer/lr": "^0.15.0"
			}
		},
		"@lezer/lr": {
			"version": "0.15.8",
			"resolved": "https://registry.npmjs.org/@lezer/lr/-/lr-0.15.8.tgz",
			"integrity": "sha512-bM6oE6VQZ6hIFxDNKk8bKPa14hqFrV07J/vHGOeiAbJReIaQXmkVb6xQu4MR+JBTLa5arGRyAAjJe1qaQt3Uvg==",
			"requires": {
				"@lezer/common": "^0.15.0"
			}
		},
		"@sphinxxxx/color-conversion": {
			"version": "2.2.2",
			"resolved": "https://registry.npmjs.org/@sphinxxxx/color-conversion/-/color-conversion-2.2.2.tgz",
			"integrity": "sha512-XExJS3cLqgrmNBIP3bBw6+1oQ1ksGjFh0+oClDKFYpCCqx/hlqwWO5KO/S63fzUo67SxI9dMrF0y5T/Ey7h8Zw=="
		},
		"@types/axios": {
			"version": "0.14.0",
			"resolved": "https://registry.npmjs.org/@types/axios/-/axios-0.14.0.tgz",
			"integrity": "sha1-7CMA++fX3d1+udOr+HmZlkyvzkY=",
			"dev": true,
			"requires": {
				"axios": "*"
			}
		},
		"@types/clipboard": {
			"version": "2.0.7",
			"resolved": "https://registry.npmjs.org/@types/clipboard/-/clipboard-2.0.7.tgz",
			"integrity": "sha512-VwVFUHlneOsWfv/GaaY7Kwk4XasDqkAlyFQtsHxnOw0yyBYWTrlEXtmb9RtC+VFBCdtuOeIXECmELNd5RrKp/g==",
			"dev": true,
			"requires": {
				"clipboard": "*"
			}
		},
		"@types/nprogress": {
			"version": "0.2.0",
			"resolved": "https://registry.npmjs.org/@types/nprogress/-/nprogress-0.2.0.tgz",
			"integrity": "sha512-1cYJrqq9GezNFPsWTZpFut/d4CjpZqA0vhqDUPFWYKF1oIyBz5qnoYMzR+0C/T96t3ebLAC1SSnwrVOm5/j74A==",
			"dev": true
		},
		"@vue/devtools-api": {
			"version": "6.0.0-beta.19",
			"resolved": "https://registry.npmjs.org/@vue/devtools-api/-/devtools-api-6.0.0-beta.19.tgz",
			"integrity": "sha512-ObzQhgkoVeoyKv+e8+tB/jQBL2smtk/NmC9OmFK8UqdDpoOdv/Kf9pyDWL+IFyM7qLD2C75rszJujvGSPSpGlw=="
		},
		"ace-builds": {
			"version": "1.4.14",
			"resolved": "https://registry.npmjs.org/ace-builds/-/ace-builds-1.4.14.tgz",
			"integrity": "sha512-NBOQlm9+7RBqRqZwimpgquaLeTJFayqb9UEPtTkpC3TkkwDnlsT/TwsCC0svjt9kEZ6G9mH5AEOHSz6Q/HrzQQ==",
			"dev": true
		},
		"ajv": {
			"version": "6.12.6",
			"resolved": "https://registry.npmjs.org/ajv/-/ajv-6.12.6.tgz",
			"integrity": "sha512-j3fVLgvTo527anyYyJOGTYJbG+vnnQYvE0m5mmkc1TK+nxAppkCLMIL0aZ4dblVCNoGShhm+kzE4ZUykBoMg4g==",
			"dev": true,
			"requires": {
				"fast-deep-equal": "^3.1.1",
				"fast-json-stable-stringify": "^2.0.0",
				"json-schema-traverse": "^0.4.1",
				"uri-js": "^4.2.2"
			}
		},
		"anymatch": {
			"version": "3.1.2",
			"resolved": "https://registry.npmjs.org/anymatch/-/anymatch-3.1.2.tgz",
			"integrity": "sha512-P43ePfOAIupkguHUycrc4qJ9kz8ZiuOUijaETwX7THt0Y/GNK7v0aa8rY816xWjZ7rJdA5XdMcpVFTKMq+RvWg==",
			"requires": {
				"normalize-path": "^3.0.0",
				"picomatch": "^2.0.4"
			}
		},
		"axios": {
			"version": "0.23.0",
			"resolved": "https://registry.npmjs.org/axios/-/axios-0.23.0.tgz",
			"integrity": "sha512-NmvAE4i0YAv5cKq8zlDoPd1VLKAqX5oLuZKs8xkJa4qi6RGn0uhCYFjWtHHC9EM/MwOwYWOs53W+V0aqEXq1sg==",
			"dev": true,
			"requires": {
				"follow-redirects": "^1.14.4"
			}
		},
		"binary-extensions": {
			"version": "2.2.0",
			"resolved": "https://registry.npmjs.org/binary-extensions/-/binary-extensions-2.2.0.tgz",
			"integrity": "sha512-jDctJ/IVQbZoJykoeHbhXpOlNBqGNcwXJKJog42E5HDPUwQTSdjCHdihjj0DlnheQ7blbT6dHOafNAiS8ooQKA=="
		},
		"braces": {
			"version": "3.0.2",
			"resolved": "https://registry.npmjs.org/braces/-/braces-3.0.2.tgz",
			"integrity": "sha512-b8um+L1RzM3WDSzvhm6gIz1yfTbBt6YTlcEKAvsmqCZZFw46z626lVj9j1yEPW33H5H+lBQpZMP1k8l+78Ha0A==",
			"requires": {
				"fill-range": "^7.0.1"
			}
		},
		"camel-case": {
			"version": "4.1.2",
			"resolved": "https://registry.npmjs.org/camel-case/-/camel-case-4.1.2.tgz",
			"integrity": "sha512-gxGWBrTT1JuMx6R+o5PTXMmUnhnVzLQ9SNutD4YqKtI6ap897t3tKECYla6gCWEkplXnlNybEkZg9GEGxKFCgw==",
			"requires": {
				"pascal-case": "^3.1.2",
				"tslib": "^2.0.3"
			}
		},
		"capital-case": {
			"version": "1.0.4",
			"resolved": "https://registry.npmjs.org/capital-case/-/capital-case-1.0.4.tgz",
			"integrity": "sha512-ds37W8CytHgwnhGGTi88pcPyR15qoNkOpYwmMMfnWqqWgESapLqvDx6huFjQ5vqWSn2Z06173XNA7LtMOeUh1A==",
			"requires": {
				"no-case": "^3.0.4",
				"tslib": "^2.0.3",
				"upper-case-first": "^2.0.2"
			}
		},
		"change-case": {
			"version": "4.1.2",
			"resolved": "https://registry.npmjs.org/change-case/-/change-case-4.1.2.tgz",
			"integrity": "sha512-bSxY2ws9OtviILG1EiY5K7NNxkqg/JnRnFxLtKQ96JaviiIxi7djMrSd0ECT9AC+lttClmYwKw53BWpOMblo7A==",
			"requires": {
				"camel-case": "^4.1.2",
				"capital-case": "^1.0.4",
				"constant-case": "^3.0.4",
				"dot-case": "^3.0.4",
				"header-case": "^2.0.4",
				"no-case": "^3.0.4",
				"param-case": "^3.0.4",
				"pascal-case": "^3.1.2",
				"path-case": "^3.0.4",
				"sentence-case": "^3.0.4",
				"snake-case": "^3.0.4",
				"tslib": "^2.0.3"
			}
		},
		"chokidar": {
			"version": "3.5.3",
			"resolved": "https://registry.npmjs.org/chokidar/-/chokidar-3.5.3.tgz",
			"integrity": "sha512-Dr3sfKRP6oTcjf2JmUmFJfeVMvXBdegxB0iVQ5eb2V10uFJUCAS8OByZdVAyVb8xXNz3GjjTgj9kLWsZTqE6kw==",
			"requires": {
				"anymatch": "~3.1.2",
				"braces": "~3.0.2",
				"fsevents": "~2.3.2",
				"glob-parent": "~5.1.2",
				"is-binary-path": "~2.1.0",
				"is-glob": "~4.0.1",
				"normalize-path": "~3.0.0",
				"readdirp": "~3.6.0"
			}
		},
		"classnames": {
			"version": "2.3.1",
			"resolved": "https://registry.npmjs.org/classnames/-/classnames-2.3.1.tgz",
			"integrity": "sha512-OlQdbZ7gLfGarSqxesMesDa5uz7KFbID8Kpq/SxIoNGDqY8lSYs0D+hhtBXhcdB3rcbXArFr7vlHheLk1voeNA=="
		},
		"clipboard": {
			"version": "2.0.8",
			"resolved": "https://registry.npmjs.org/clipboard/-/clipboard-2.0.8.tgz",
			"integrity": "sha512-Y6WO0unAIQp5bLmk1zdThRhgJt/x3ks6f30s3oE3H1mgIEU33XyQjEf8gsf6DxC7NPX8Y1SsNWjUjL/ywLnnbQ==",
			"requires": {
				"good-listener": "^1.2.2",
				"select": "^1.1.2",
				"tiny-emitter": "^2.0.0"
			}
		},
		"constant-case": {
			"version": "3.0.4",
			"resolved": "https://registry.npmjs.org/constant-case/-/constant-case-3.0.4.tgz",
			"integrity": "sha512-I2hSBi7Vvs7BEuJDr5dDHfzb/Ruj3FyvFyh7KLilAjNQw3Be+xgqUBA2W6scVEcL0hL1dwPRtIqEPVUCKkSsyQ==",
			"requires": {
				"no-case": "^3.0.4",
				"tslib": "^2.0.3",
				"upper-case": "^2.0.2"
			}
		},
		"crelt": {
			"version": "1.0.5",
			"resolved": "https://registry.npmjs.org/crelt/-/crelt-1.0.5.tgz",
			"integrity": "sha512-+BO9wPPi+DWTDcNYhr/W90myha8ptzftZT+LwcmUbbok0rcP/fequmFYCw8NMoH7pkAZQzU78b3kYrlua5a9eA=="
		},
		"delegate": {
			"version": "3.2.0",
			"resolved": "https://registry.npmjs.org/delegate/-/delegate-3.2.0.tgz",
			"integrity": "sha512-IofjkYBZaZivn0V8nnsMJGBr4jVLxHDheKSW88PyxS5QC4Vo9ZbZVvhzlSxY87fVq3STR6r+4cGepyHkcWOQSw=="
		},
		"diff-sequences": {
			"version": "27.5.1",
			"resolved": "https://registry.npmjs.org/diff-sequences/-/diff-sequences-27.5.1.tgz",
			"integrity": "sha512-k1gCAXAsNgLwEL+Y8Wvl+M6oEFj5bgazfZULpS5CneoPPXRaCCW7dm+q21Ky2VEE5X+VeRDBVg1Pcvvsr4TtNQ=="
		},
		"dot-case": {
			"version": "3.0.4",
			"resolved": "https://registry.npmjs.org/dot-case/-/dot-case-3.0.4.tgz",
			"integrity": "sha512-Kv5nKlh6yRrdrGvxeJ2e5y2eRUpkUosIW4A2AS38zwSz27zu7ufDwQPi5Jhs3XAlGNetl3bmnGhQsMtkKJnj3w==",
			"requires": {
				"no-case": "^3.0.4",
				"tslib": "^2.0.3"
			}
		},
		"fast-deep-equal": {
			"version": "3.1.3",
			"resolved": "https://registry.npmjs.org/fast-deep-equal/-/fast-deep-equal-3.1.3.tgz",
			"integrity": "sha512-f3qQ9oQy9j2AhBe/H9VC91wLmKBCCU/gDOnKNAYG5hswO7BLKj09Hc5HYNz9cGI++xlpDCIgDaitVs03ATR84Q=="
		},
		"fast-json-stable-stringify": {
			"version": "2.1.0",
			"resolved": "https://registry.npmjs.org/fast-json-stable-stringify/-/fast-json-stable-stringify-2.1.0.tgz",
			"integrity": "sha512-lhd/wF+Lk98HZoTCtlVraHtfh5XYijIjalXck7saUtuanSDyLMxnHhSXEDJqHxD7msR8D0uCmqlkwjCV8xvwHw==",
			"dev": true
		},
		"fill-range": {
			"version": "7.0.1",
			"resolved": "https://registry.npmjs.org/fill-range/-/fill-range-7.0.1.tgz",
			"integrity": "sha512-qOo9F+dMUmC2Lcb4BbVvnKJxTPjCm+RRpe4gDuGrzkL7mEVl/djYSu2OdQ2Pa302N4oqkSg9ir6jaLWJ2USVpQ==",
			"requires": {
				"to-regex-range": "^5.0.1"
			}
		},
		"follow-redirects": {
			"version": "1.14.4",
			"resolved": "https://registry.npmjs.org/follow-redirects/-/follow-redirects-1.14.4.tgz",
			"integrity": "sha512-zwGkiSXC1MUJG/qmeIFH2HBJx9u0V46QGUe3YR1fXG8bXQxq7fLj0RjLZQ5nubr9qNJUZrH+xUcwXEoXNpfS+g==",
			"dev": true
		},
		"fsevents": {
			"version": "2.3.2",
			"resolved": "https://registry.npmjs.org/fsevents/-/fsevents-2.3.2.tgz",
			"integrity": "sha512-xiqMQR4xAeHTuB9uWm+fFRcIOgKBMiOBP+eXiyT7jsgVCq1bkVygt00oASowB7EdtpOHaaPgKt812P9ab+DDKA==",
			"optional": true
		},
		"glob-parent": {
			"version": "5.1.2",
			"resolved": "https://registry.npmjs.org/glob-parent/-/glob-parent-5.1.2.tgz",
			"integrity": "sha512-AOIgSQCepiJYwP3ARnGx+5VnTu2HBYdzbGP45eLw1vr3zB3vZLeyed1sC9hnbcOc9/SrMyM5RPQrkGz4aS9Zow==",
			"requires": {
				"is-glob": "^4.0.1"
			}
		},
		"good-listener": {
			"version": "1.2.2",
			"resolved": "https://registry.npmjs.org/good-listener/-/good-listener-1.2.2.tgz",
			"integrity": "sha1-1TswzfkxPf+33JoNR3CWqm0UXFA=",
			"requires": {
				"delegate": "^3.1.2"
			}
		},
		"header-case": {
			"version": "2.0.4",
			"resolved": "https://registry.npmjs.org/header-case/-/header-case-2.0.4.tgz",
			"integrity": "sha512-H/vuk5TEEVZwrR0lp2zed9OCo1uAILMlx0JEMgC26rzyJJ3N1v6XkwHHXJQdR2doSjcGPM6OKPYoJgf0plJ11Q==",
			"requires": {
				"capital-case": "^1.0.4",
				"tslib": "^2.0.3"
			}
		},
		"immutable": {
			"version": "4.0.0",
			"resolved": "https://registry.npmjs.org/immutable/-/immutable-4.0.0.tgz",
			"integrity": "sha512-zIE9hX70qew5qTUjSS7wi1iwj/l7+m54KWU247nhM3v806UdGj1yDndXj+IOYxxtW9zyLI+xqFNZjTuDaLUqFw=="
		},
		"immutable-json-patch": {
			"version": "1.1.2",
			"resolved": "https://registry.npmjs.org/immutable-json-patch/-/immutable-json-patch-1.1.2.tgz",
			"integrity": "sha512-Jy9TQ7iQtzTV7BYURuecEWuX/b8M3z0xDClmUe8O05vc2DSaXY3pR2CCC/wTXsRkQ7XMe5Yc8n2gYigiLU0+NA=="
		},
		"is-binary-path": {
			"version": "2.1.0",
			"resolved": "https://registry.npmjs.org/is-binary-path/-/is-binary-path-2.1.0.tgz",
			"integrity": "sha512-ZMERYes6pDydyuGidse7OsHxtbI7WVeUEozgR/g7rd0xUimYNlvZRE/K2MgZTjWy725IfelLeVcEM97mmtRGXw==",
			"requires": {
				"binary-extensions": "^2.0.0"
			}
		},
		"is-extglob": {
			"version": "2.1.1",
			"resolved": "https://registry.npmjs.org/is-extglob/-/is-extglob-2.1.1.tgz",
			"integrity": "sha1-qIwCU1eR8C7TfHahueqXc8gz+MI="
		},
		"is-glob": {
			"version": "4.0.3",
			"resolved": "https://registry.npmjs.org/is-glob/-/is-glob-4.0.3.tgz",
			"integrity": "sha512-xelSayHH36ZgE7ZWhli7pW34hNbNl8Ojv5KVmkJD4hBdD3th8Tfk9vYasLM+mXWOZhFkgZfxhLSnrwRr4elSSg==",
			"requires": {
				"is-extglob": "^2.1.1"
			}
		},
		"is-number": {
			"version": "7.0.0",
			"resolved": "https://registry.npmjs.org/is-number/-/is-number-7.0.0.tgz",
			"integrity": "sha512-41Cifkg6e8TylSpdtTpeLVMqvSBEVzTttHvERD741+pnZ8ANv0004MRL43QKPDlK9cGvNp6NZWZUBlbGXYxxng=="
		},
		"javascript-natural-sort": {
			"version": "0.7.1",
			"resolved": "https://registry.npmjs.org/javascript-natural-sort/-/javascript-natural-sort-0.7.1.tgz",
			"integrity": "sha1-+eIwPUUH9tdDVac2ZNFED7Wg71k=",
			"dev": true
		},
		"jmespath": {
			"version": "0.16.0",
			"resolved": "https://registry.npmjs.org/jmespath/-/jmespath-0.16.0.tgz",
			"integrity": "sha512-9FzQjJ7MATs1tSpnco1K6ayiYE3figslrXA72G2HQ/n76RzvYlofyi5QM+iX4YRs/pu3yzxlVQSST23+dMDknw=="
		},
		"json-editor-vue": {
			"version": "0.3.6",
			"resolved": "https://registry.npmjs.org/json-editor-vue/-/json-editor-vue-0.3.6.tgz",
			"integrity": "sha512-XRikV0jQuOe828dovDg5EDdDfW0UbY1GPrJI2FGJHp6V/T+gNypyAfshLzrSL/2p4r7HjHsY3ogmVkohSTyktQ==",
			"requires": {
				"clipboard": "^2.0.10",
				"jsonrepair": "^2.2.1",
				"kayran": "^0.4.9",
				"vue-demi": "^0.12.5",
				"vue-json-viewer": "^2.2.22",
				"vue3-json-viewer": "^2.2.2"
			},
			"dependencies": {
				"clipboard": {
					"version": "2.0.10",
					"resolved": "https://registry.npmjs.org/clipboard/-/clipboard-2.0.10.tgz",
					"integrity": "sha512-cz3m2YVwFz95qSEbCDi2fzLN/epEN9zXBvfgAoGkvGOJZATMl9gtTDVOtBYkx2ODUJl2kvmud7n32sV2BpYR4g==",
					"requires": {
						"good-listener": "^1.2.2",
						"select": "^1.1.2",
						"tiny-emitter": "^2.0.0"
					}
				},
				"jsonrepair": {
					"version": "2.2.1",
					"resolved": "https://registry.npmjs.org/jsonrepair/-/jsonrepair-2.2.1.tgz",
					"integrity": "sha512-o9Je8TceILo872uQC9fIBJm957j1Io7z8Ca1iWIqY6S5S65HGE9XN7XEEw7+tUviB9Vq4sygV89MVTxl+rhZyg=="
				}
			}
		},
		"json-editor-vue3": {
			"version": "1.0.6",
			"resolved": "https://registry.npmjs.org/json-editor-vue3/-/json-editor-vue3-1.0.6.tgz",
			"integrity": "sha512-+OJcRVg9ORuZ+TaR13spgnrPao788s3t+6JVLhBLOsyRA0hjN6tFjeZcjJHWkXDpxC64bEEBKiJ3HJIsoFdNtg==",
			"dev": true,
			"requires": {
				"jsoneditor": "^9.5.6"
			}
		},
		"json-schema-traverse": {
			"version": "0.4.1",
			"resolved": "https://registry.npmjs.org/json-schema-traverse/-/json-schema-traverse-0.4.1.tgz",
			"integrity": "sha512-xbbCH5dCYU5T8LcEhhuh7HJ88HXuW3qsI3Y0zOZFKfZEHcpWiHU/Jxzk629Brsab/mMiHQti9wMP+845RPe3Vg==",
			"dev": true
		},
		"json-source-map": {
			"version": "0.6.1",
			"resolved": "https://registry.npmjs.org/json-source-map/-/json-source-map-0.6.1.tgz",
			"integrity": "sha512-1QoztHPsMQqhDq0hlXY5ZqcEdUzxQEIxgFkKl4WUp2pgShObl+9ovi4kRh2TfvAfxAoHOJ9vIMEqk3k4iex7tg=="
		},
		"jsoneditor": {
			"version": "9.7.4",
			"resolved": "https://registry.npmjs.org/jsoneditor/-/jsoneditor-9.7.4.tgz",
			"integrity": "sha512-Ln+WdNKLwaqaA64RgI8SI5PRA5RpcVougDNF9ILVzgyj3gDY9ev4WIQcgjoEoQC3Ymml3V7scQ08sDKiNSjo9Q==",
			"dev": true,
			"requires": {
				"ace-builds": "^1.4.14",
				"ajv": "^6.12.6",
				"javascript-natural-sort": "^0.7.1",
				"jmespath": "^0.16.0",
				"json-source-map": "^0.6.1",
				"jsonrepair": "^2.2.1",
				"mobius1-selectr": "^2.4.13",
				"picomodal": "^3.0.0",
				"vanilla-picker": "^2.12.1"
			}
		},
		"jsonrepair": {
			"version": "2.2.1",
			"resolved": "https://registry.npmjs.org/jsonrepair/-/jsonrepair-2.2.1.tgz",
			"integrity": "sha512-o9Je8TceILo872uQC9fIBJm957j1Io7z8Ca1iWIqY6S5S65HGE9XN7XEEw7+tUviB9Vq4sygV89MVTxl+rhZyg=="
		},
		"kayran": {
			"version": "0.4.9",
			"resolved": "https://registry.npmjs.org/kayran/-/kayran-0.4.9.tgz",
			"integrity": "sha512-bqz6ML55Rd+bQyFUcNHCmwnI3L8LhpOxCl1WujS5bDS7HOrY1U1St2M5I4X/CvKYg7qsj4YPvE0bPzLa6oggKg==",
			"requires": {
				"change-case": "^4.1.2",
				"qs": "6.9.6"
			}
		},
		"lodash-es": {
			"version": "4.17.21",
			"resolved": "https://registry.npmjs.org/lodash-es/-/lodash-es-4.17.21.tgz",
			"integrity": "sha512-mKnC+QJ9pWVzv+C4/U3rRsHapFfHvQFoFB92e52xeyGMcX6/OlIl78je1u8vePzYZSkkogMPJ2yjxxsb89cxyw=="
		},
		"lower-case": {
			"version": "2.0.2",
			"resolved": "https://registry.npmjs.org/lower-case/-/lower-case-2.0.2.tgz",
			"integrity": "sha512-7fm3l3NAF9WfN6W3JOmf5drwpVqX78JtoGJ3A6W0a6ZnldM41w2fV5D490psKFTpMds8TJse/eHLFFsNHHjHgg==",
			"requires": {
				"tslib": "^2.0.3"
			}
		},
		"mitt": {
			"version": "3.0.0",
			"resolved": "https://registry.npmjs.org/mitt/-/mitt-3.0.0.tgz",
			"integrity": "sha512-7dX2/10ITVyqh4aOSVI9gdape+t9l2/8QxHrFmUXu4EEUpdlxl6RudZUPZoc+zuY2hk1j7XxVroIVIan/pD/SQ=="
		},
		"mobius1-selectr": {
			"version": "2.4.13",
			"resolved": "https://registry.npmjs.org/mobius1-selectr/-/mobius1-selectr-2.4.13.tgz",
			"integrity": "sha512-Mk9qDrvU44UUL0EBhbAA1phfQZ7aMZPjwtL7wkpiBzGh8dETGqfsh50mWoX9EkjDlkONlErWXArHCKfoxVg0Bw==",
			"dev": true
		},
		"natural-compare-lite": {
			"version": "1.4.0",
			"resolved": "https://registry.npmjs.org/natural-compare-lite/-/natural-compare-lite-1.4.0.tgz",
			"integrity": "sha1-F7CVgZiJef3a/gIB6TG6kzyWy7Q="
		},
		"no-case": {
			"version": "3.0.4",
			"resolved": "https://registry.npmjs.org/no-case/-/no-case-3.0.4.tgz",
			"integrity": "sha512-fgAN3jGAh+RoxUGZHTSOLJIqUc2wmoBwGR4tbpNAKmmovFoWq0OdRkb0VkldReO2a2iBT/OEulG9XSUc10r3zg==",
			"requires": {
				"lower-case": "^2.0.2",
				"tslib": "^2.0.3"
			}
		},
		"normalize-path": {
			"version": "3.0.0",
			"resolved": "https://registry.npmjs.org/normalize-path/-/normalize-path-3.0.0.tgz",
			"integrity": "sha512-6eZs5Ls3WtCisHWp9S2GUy8dqkpGi4BVSz3GaqiE6ezub0512ESztXUwUB6C6IKbQkY2Pnb/mD4WYojCRwcwLA=="
		},
		"nprogress": {
			"version": "0.2.0",
			"resolved": "https://registry.npmjs.org/nprogress/-/nprogress-0.2.0.tgz",
			"integrity": "sha1-y480xTIT2JVyP8urkH6UIq28r7E="
		},
		"param-case": {
			"version": "3.0.4",
			"resolved": "https://registry.npmjs.org/param-case/-/param-case-3.0.4.tgz",
			"integrity": "sha512-RXlj7zCYokReqWpOPH9oYivUzLYZ5vAPIfEmCTNViosC78F8F0H9y7T7gG2M39ymgutxF5gcFEsyZQSph9Bp3A==",
			"requires": {
				"dot-case": "^3.0.4",
				"tslib": "^2.0.3"
			}
		},
		"pascal-case": {
			"version": "3.1.2",
			"resolved": "https://registry.npmjs.org/pascal-case/-/pascal-case-3.1.2.tgz",
			"integrity": "sha512-uWlGT3YSnK9x3BQJaOdcZwrnV6hPpd8jFH1/ucpiLRPh/2zCVJKS19E4GvYHvaCcACn3foXZ0cLB9Wrx1KGe5g==",
			"requires": {
				"no-case": "^3.0.4",
				"tslib": "^2.0.3"
			}
		},
		"path-case": {
			"version": "3.0.4",
			"resolved": "https://registry.npmjs.org/path-case/-/path-case-3.0.4.tgz",
			"integrity": "sha512-qO4qCFjXqVTrcbPt/hQfhTQ+VhFsqNKOPtytgNKkKxSoEp3XPUQ8ObFuePylOIok5gjn69ry8XiULxCwot3Wfg==",
			"requires": {
				"dot-case": "^3.0.4",
				"tslib": "^2.0.3"
			}
		},
		"picomatch": {
			"version": "2.3.1",
			"resolved": "https://registry.npmjs.org/picomatch/-/picomatch-2.3.1.tgz",
			"integrity": "sha512-JU3teHTNjmE2VCGFzuY8EXzCDVwEqB2a8fsIvwaStHhAWJEeVd1o1QD80CU6+ZdEXXSLbSsuLwJjkCBWqRQUVA=="
		},
		"picomodal": {
			"version": "3.0.0",
			"resolved": "https://registry.npmjs.org/picomodal/-/picomodal-3.0.0.tgz",
			"integrity": "sha1-+s0w9PvzSoCcHgTqUl8ATzmcC4I=",
			"dev": true
		},
		"punycode": {
			"version": "2.1.1",
			"resolved": "https://registry.npmjs.org/punycode/-/punycode-2.1.1.tgz",
			"integrity": "sha512-XRsRjdf+j5ml+y/6GKHPZbrF/8p2Yga0JPtdqTIY2Xe5ohJPD9saDJJLPvp9+NSBprVvevdXZybnj2cv8OEd0A=="
		},
		"qrcodejs2-fixes": {
			"version": "0.0.2",
			"resolved": "https://registry.npmjs.org/qrcodejs2-fixes/-/qrcodejs2-fixes-0.0.2.tgz",
			"integrity": "sha512-wMUXYMOixAEJlLnjk5MbLiFaz0gQObWYm/TIFWB5+j7sTY5gPyr09Cx1EpcLYbsgfFdN3wHjrKAhZofTuCBGhg=="
		},
		"qs": {
			"version": "6.9.6",
			"resolved": "https://registry.npmjs.org/qs/-/qs-6.9.6.tgz",
			"integrity": "sha512-TIRk4aqYLNoJUbd+g2lEdz5kLWIuTMRagAXxl78Q0RiVjAOugHmeKNGdd3cwo/ktpf9aL9epCfFqWDEKysUlLQ=="
		},
		"readdirp": {
			"version": "3.6.0",
			"resolved": "https://registry.npmjs.org/readdirp/-/readdirp-3.6.0.tgz",
			"integrity": "sha512-hOS089on8RduqdbhvQ5Z37A0ESjsqz6qnRcffsMU3495FuTdqSm+7bhJ29JvIOsBDEEnan5DPu9t3To9VRlMzA==",
			"requires": {
				"picomatch": "^2.2.1"
			}
		},
		"require-from-string": {
			"version": "2.0.2",
			"resolved": "https://registry.npmjs.org/require-from-string/-/require-from-string-2.0.2.tgz",
			"integrity": "sha512-Xf0nWe6RseziFMu+Ap9biiUbmplq6S9/p+7w7YXP/JBHhrUDDUhwa+vANyubuqfZWTveU//DYVGsDG7RKL/vEw=="
		},
		"sass": {
			"version": "1.49.11",
			"resolved": "https://registry.npmjs.org/sass/-/sass-1.49.11.tgz",
			"integrity": "sha512-wvS/geXgHUGs6A/4ud5BFIWKO1nKd7wYIGimDk4q4GFkJicILActpv9ueMT4eRGSsp1BdKHuw1WwAHXbhsJELQ==",
			"requires": {
				"chokidar": ">=3.0.0 <4.0.0",
				"immutable": "^4.0.0",
				"source-map-js": ">=0.6.2 <2.0.0"
			}
		},
		"select": {
			"version": "1.1.2",
			"resolved": "https://registry.npmjs.org/select/-/select-1.1.2.tgz",
			"integrity": "sha1-DnNQrN7ICxEIUoeG7B1EGNEbOW0="
		},
		"sentence-case": {
			"version": "3.0.4",
			"resolved": "https://registry.npmjs.org/sentence-case/-/sentence-case-3.0.4.tgz",
			"integrity": "sha512-8LS0JInaQMCRoQ7YUytAo/xUu5W2XnQxV2HI/6uM6U7CITS1RqPElr30V6uIqyMKM9lJGRVFy5/4CuzcixNYSg==",
			"requires": {
				"no-case": "^3.0.4",
				"tslib": "^2.0.3",
				"upper-case-first": "^2.0.2"
			}
		},
		"snake-case": {
			"version": "3.0.4",
			"resolved": "https://registry.npmjs.org/snake-case/-/snake-case-3.0.4.tgz",
			"integrity": "sha512-LAOh4z89bGQvl9pFfNF8V146i7o7/CqFPbqzYgP+yYzDIDeS9HaNFtXABamRW+AQzEVODcvE79ljJ+8a9YSdMg==",
			"requires": {
				"dot-case": "^3.0.4",
				"tslib": "^2.0.3"
			}
		},
		"sortablejs": {
			"version": "1.14.0",
			"resolved": "https://registry.npmjs.org/sortablejs/-/sortablejs-1.14.0.tgz",
			"integrity": "sha512-pBXvQCs5/33fdN1/39pPL0NZF20LeRbLQ5jtnheIPN9JQAaufGjKdWduZn4U7wCtVuzKhmRkI0DFYHYRbB2H1w=="
		},
		"source-map-js": {
			"version": "1.0.2",
			"resolved": "https://registry.npmjs.org/source-map-js/-/source-map-js-1.0.2.tgz",
			"integrity": "sha512-R0XvVJ9WusLiqTCEiGCmICCMplcCkIwwR11mOSD9CR5u+IXYdiseeEuXCVAjS54zqwkLcPNnmU4OeJ6tUrWhDw=="
		},
		"style-mod": {
			"version": "4.0.0",
			"resolved": "https://registry.npmjs.org/style-mod/-/style-mod-4.0.0.tgz",
			"integrity": "sha512-OPhtyEjyyN9x3nhPsu76f52yUGXiZcgvsrFVtvTkyGRQJ0XK+GPc6ov1z+lRpbeabka+MYEQxOYRnt5nF30aMw=="
		},
		"svelte-awesome": {
			"version": "2.4.6",
			"resolved": "https://registry.npmjs.org/svelte-awesome/-/svelte-awesome-2.4.6.tgz",
			"integrity": "sha512-l3TUuAvFUT3KOD0NiMi0y2oN+GuTvO/K8muk9nupgITHMXEJCvZ/wsejSH3vJI1pjb3vLkD00upvUQ9QgX9NhA=="
		},
		"svelte-jsoneditor": {
			"version": "0.3.25",
			"resolved": "https://registry.npmjs.org/svelte-jsoneditor/-/svelte-jsoneditor-0.3.25.tgz",
			"integrity": "sha512-fTXVsTN/Tpv3dA0nSG9jntBDGpKpLwhDo49XBs8dnhPW6vLiGs+XePFsmVMhDI00GHCHqgmRadJdEj1CJG/Tvw==",
			"requires": {
				"@codemirror/basic-setup": "0.19.1",
				"@codemirror/commands": "0.19.8",
				"@codemirror/gutter": "0.19.9",
				"@codemirror/highlight": "0.19.7",
				"@codemirror/history": "0.19.2",
				"@codemirror/lang-json": "0.19.2",
				"@codemirror/language": "0.19.8",
				"@codemirror/lint": "0.19.6",
				"@codemirror/search": "0.19.9",
				"@codemirror/state": "0.19.9",
				"@codemirror/view": "0.19.46",
				"@fontsource/fira-mono": "4.5.3",
				"@fortawesome/free-regular-svg-icons": "^6.0.0",
				"@fortawesome/free-solid-svg-icons": "^6.0.0",
				"ajv": "^8.10.0",
				"classnames": "^2.3.1",
				"diff-sequences": "^27.5.1",
				"immutable-json-patch": "^1.1.2",
				"jmespath": "^0.16.0",
				"json-source-map": "^0.6.1",
				"jsonrepair": "^2.2.1",
				"lodash-es": "^4.17.21",
				"natural-compare-lite": "^1.4.0",
				"sass": "^1.49.9",
				"svelte-awesome": "^2.4.4",
				"svelte-select": "^4.4.7",
				"svelte-simple-modal": "^1.3.1",
				"vanilla-picker": "^2.12.1"
			},
			"dependencies": {
				"ajv": {
					"version": "8.11.0",
					"resolved": "https://registry.npmjs.org/ajv/-/ajv-8.11.0.tgz",
					"integrity": "sha512-wGgprdCvMalC0BztXvitD2hC04YffAvtsUn93JbGXYLAtCUO4xd17mCCZQxUOItiBwZvJScWo8NIvQMQ71rdpg==",
					"requires": {
						"fast-deep-equal": "^3.1.1",
						"json-schema-traverse": "^1.0.0",
						"require-from-string": "^2.0.2",
						"uri-js": "^4.2.2"
					}
				},
				"json-schema-traverse": {
					"version": "1.0.0",
					"resolved": "https://registry.npmjs.org/json-schema-traverse/-/json-schema-traverse-1.0.0.tgz",
					"integrity": "sha512-NM8/P9n3XjXhIZn1lLhkFaACTOURQXjWhV4BA/RnOv8xvgqtqpAX9IO4mRQxSx1Rlo4tqzeqb0sOlruaOy3dug=="
				}
			}
		},
		"svelte-select": {
			"version": "4.4.7",
			"resolved": "https://registry.npmjs.org/svelte-select/-/svelte-select-4.4.7.tgz",
			"integrity": "sha512-fIf9Z8rPI6F8naHZ9wjXT0Pv5gLyhdHAFkHFJnCfVVfELE8e82uOoF0xEVQP6Kir+b4Q5yOvNAzZ61WbSU6A0A=="
		},
		"svelte-simple-modal": {
			"version": "1.3.1",
			"resolved": "https://registry.npmjs.org/svelte-simple-modal/-/svelte-simple-modal-1.3.1.tgz",
			"integrity": "sha512-xBeK7VkGBuvqIm1J5eqnLqGIRKDtnsYzu8yVCLuO4rIuv4BMj4S6r0PGMgd4EFMgZwhmmqZPdrsPCDlDC6HUCw=="
		},
		"tiny-emitter": {
			"version": "2.1.0",
			"resolved": "https://registry.npmjs.org/tiny-emitter/-/tiny-emitter-2.1.0.tgz",
			"integrity": "sha512-NB6Dk1A9xgQPMoGqC5CVXn123gWyte215ONT5Pp5a0yt4nlEoO1ZWeCwpncaekPHXO60i47ihFnZPiRPjRMq4Q=="
		},
		"to-regex-range": {
			"version": "5.0.1",
			"resolved": "https://registry.npmjs.org/to-regex-range/-/to-regex-range-5.0.1.tgz",
			"integrity": "sha512-65P7iz6X5yEr1cwcgvQxbbIw7Uk3gOy5dIdtZ4rDveLqhrdJP+Li/Hx6tyK0NEb+2GCyneCMJiGqrADCSNk8sQ==",
			"requires": {
				"is-number": "^7.0.0"
			}
		},
		"tslib": {
			"version": "2.3.1",
			"resolved": "https://registry.npmjs.org/tslib/-/tslib-2.3.1.tgz",
			"integrity": "sha512-77EbyPPpMz+FRFRuAFlWMtmgUWGe9UOG2Z25NqCwiIjRhOf5iKGuzSe5P2w1laq+FkRy4p+PCuVkJSGkzTEKVw=="
		},
		"upper-case": {
			"version": "2.0.2",
			"resolved": "https://registry.npmjs.org/upper-case/-/upper-case-2.0.2.tgz",
			"integrity": "sha512-KgdgDGJt2TpuwBUIjgG6lzw2GWFRCW9Qkfkiv0DxqHHLYJHmtmdUIKcZd8rHgFSjopVTlw6ggzCm1b8MFQwikg==",
			"requires": {
				"tslib": "^2.0.3"
			}
		},
		"upper-case-first": {
			"version": "2.0.2",
			"resolved": "https://registry.npmjs.org/upper-case-first/-/upper-case-first-2.0.2.tgz",
			"integrity": "sha512-514ppYHBaKwfJRK/pNC6c/OxfGa0obSnAl106u97Ed0I625Nin96KAjttZF6ZL3e1XLtphxnqrOi9iWgm+u+bg==",
			"requires": {
				"tslib": "^2.0.3"
			}
		},
		"uri-js": {
			"version": "4.4.1",
			"resolved": "https://registry.npmjs.org/uri-js/-/uri-js-4.4.1.tgz",
			"integrity": "sha512-7rKUyy33Q1yc98pQ1DAmLtwX109F7TIfWlW1Ydo8Wl1ii1SeHieeh0HHfPeL2fMXK6z0s8ecKs9frCuLJvndBg==",
			"requires": {
				"punycode": "^2.1.0"
			}
		},
		"vanilla-picker": {
			"version": "2.12.1",
			"resolved": "https://registry.npmjs.org/vanilla-picker/-/vanilla-picker-2.12.1.tgz",
			"integrity": "sha512-2qrEP9VYylKXbyzXKsbu2dferBTvqnlsr29XjHwFE+/MEp0VNj6oEUESLDtKZ7DWzGdSv1x/+ujqFZF+KsO3cg==",
			"requires": {
				"@sphinxxxx/color-conversion": "^2.2.2"
			}
		},
		"vue-clipboard3": {
			"version": "1.0.1",
			"resolved": "https://registry.npmjs.org/vue-clipboard3/-/vue-clipboard3-1.0.1.tgz",
			"integrity": "sha512-iJ2vrizowfA73W3pcxMAKhYSvfekJrQ3FhbveVe9esS1Vfu+xW3Fgc0UKE8N4Q6DyRtcAoNlef8txmD8tK8dIg==",
			"requires": {
				"clipboard": "^2.0.6"
			}
		},
		"vue-demi": {
			"version": "0.12.5",
			"resolved": "https://registry.npmjs.org/vue-demi/-/vue-demi-0.12.5.tgz",
			"integrity": "sha512-BREuTgTYlUr0zw0EZn3hnhC3I6gPWv+Kwh4MCih6QcAeaTlaIX0DwOVN0wHej7hSvDPecz4jygy/idsgKfW58Q=="
		},
		"vue-json-viewer": {
			"version": "2.2.22",
			"resolved": "https://registry.npmjs.org/vue-json-viewer/-/vue-json-viewer-2.2.22.tgz",
			"integrity": "sha512-3oPH5BxoUWva/qp7wNJj+15FBXyi9Yu5VDW4mCWivjHR1pUpMv34fjqqxML7jh2uOqm1S/3Xks5nQ5JjC5+OWw==",
			"requires": {
				"clipboard": "^2.0.4"
			}
		},
		"vue3-json-viewer": {
			"version": "2.2.2",
			"resolved": "https://registry.npmjs.org/vue3-json-viewer/-/vue3-json-viewer-2.2.2.tgz",
			"integrity": "sha512-56l3XDGggnpwEqZieXsSMhNT4NhtO6d7zuSAxHo4i0UVxymyY2jRb7UMQOU1ztChKALZCAzX7DlgrsnEhxu77A==",
			"requires": {
				"clipboard": "^2.0.10"
			},
			"dependencies": {
				"clipboard": {
					"version": "2.0.10",
					"resolved": "https://registry.npmjs.org/clipboard/-/clipboard-2.0.10.tgz",
					"integrity": "sha512-cz3m2YVwFz95qSEbCDi2fzLN/epEN9zXBvfgAoGkvGOJZATMl9gtTDVOtBYkx2ODUJl2kvmud7n32sV2BpYR4g==",
					"requires": {
						"good-listener": "^1.2.2",
						"select": "^1.1.2",
						"tiny-emitter": "^2.0.0"
					}
				}
			}
		},
		"vuex": {
			"version": "4.0.2",
			"resolved": "https://registry.npmjs.org/vuex/-/vuex-4.0.2.tgz",
			"integrity": "sha512-M6r8uxELjZIK8kTKDGgZTYX/ahzblnzC4isU1tpmEuOIIKmV+TRdc+H4s8ds2NuZ7wpUTdGRzJRtoj+lI+pc0Q==",
			"requires": {
				"@vue/devtools-api": "^6.0.0-beta.11"
			}
		},
		"w3c-keyname": {
			"version": "2.2.4",
			"resolved": "https://registry.npmjs.org/w3c-keyname/-/w3c-keyname-2.2.4.tgz",
			"integrity": "sha512-tOhfEwEzFLJzf6d1ZPkYfGj+FWhIpBux9ppoP3rlclw3Z0BZv3N7b7030Z1kYth+6rDuAsXUFr+d0VE6Ed1ikw=="
		}
	}
}
